
Microsoft Visual Studio Solution File, Format Version 12.00
# Visual Studio 15
VisualStudioVersion = 15.0.28307.852
MinimumVisualStudioVersion = 10.0.40219.1
Project("{FAE04EC0-301F-11D3-BF4B-00C04F79EFBC}") = "Abc.Northwind.Entities", "Abc.Northwind.Entities\Abc.Northwind.Entities.csproj", "{0C6B5B06-F938-47EC-AE95-96A89BEC6755}"
EndProject
Project("{FAE04EC0-301F-11D3-BF4B-00C04F79EFBC}") = "Abc.Northwind.DAL", "Abc.Northwind.DAL\Abc.Northwind.DAL.csproj", "{C22DD1D0-AEF2-4747-A6A4-74C49799D550}"
EndProject
Project("{FAE04EC0-301F-11D3-BF4B-00C04F79EFBC}") = "Abc.Northwind.Business", "Abc.Northwind.Business\Abc.Northwind.Business.csproj", "{08771937-A6F4-483C-9AAE-31968C8E8C02}"
EndProject
Project("{FAE04EC0-301F-11D3-BF4B-00C04F79EFBC}") = "Abc.Northwind.ConsoleUI", "Abc.Northwind.ConsoleUI\Abc.Northwind.ConsoleUI.csproj", "{3668B577-22FF-4B63-A70F-F6A5D6584441}"
EndProject
Project("{FAE04EC0-301F-11D3-BF4B-00C04F79EFBC}") = "Abc.Core", "Abc.Core\Abc.Core.csproj", "{4D2B665E-40D2-40A5-B74E-3BCA6E6433C4}"
EndProject
Project("{FAE04EC0-301F-11D3-BF4B-00C04F79EFBC}") = "Abc.Northwind.MvcWebUI", "Abc.Northwind.MvcWebUI\Abc.Northwind.MvcWebUI.csproj", "{308857CF-FCB7-4513-AD93-826BFC993A64}"
EndProject
Project("{FAE04EC0-301F-11D3-BF4B-00C04F79EFBC}") = "Abc.Northwind.WebAPI", "Abc.Northwind.WebAPI\Abc.Northwind.WebAPI.csproj", "{650A49C3-A9BE-47CF-A8B1-3219AA87C35E}"
EndProject
Project("{FAE04EC0-301F-11D3-BF4B-00C04F79EFBC}") = "Abc.Northwind.WcfService", "Abc.Northwind.WcfService\Abc.Northwind.WcfService.csproj", "{1942100F-FE97-4E24-8960-B9DBA467311C}"
EndProject
Global
	GlobalSection(SolutionConfigurationPlatforms) = preSolution
		Debug|Any CPU = Debug|Any CPU
		Release|Any CPU = Release|Any CPU
	EndGlobalSection
	GlobalSection(ProjectConfigurationPlatforms) = postSolution
		{0C6B5B06-F938-47EC-AE95-96A89BEC6755}.Debug|Any CPU.ActiveCfg = Debug|Any CPU
		{0C6B5B06-F938-47EC-AE95-96A89BEC6755}.Debug|Any CPU.Build.0 = Debug|Any CPU
		{0C6B5B06-F938-47EC-AE95-96A89BEC6755}.Release|Any CPU.ActiveCfg = Release|Any CPU
		{0C6B5B06-F938-47EC-AE95-96A89BEC6755}.Release|Any CPU.Build.0 = Release|Any CPU
		{C22DD1D0-AEF2-4747-A6A4-74C49799D550}.Debug|Any CPU.ActiveCfg = Debug|Any CPU
		{C22DD1D0-AEF2-4747-A6A4-74C49799D550}.Debug|Any CPU.Build.0 = Debug|Any CPU
		{C22DD1D0-AEF2-4747-A6A4-74C49799D550}.Release|Any CPU.ActiveCfg = Release|Any CPU
		{C22DD1D0-AEF2-4747-A6A4-74C49799D550}.Release|Any CPU.Build.0 = Release|Any CPU
		{08771937-A6F4-483C-9AAE-31968C8E8C02}.Debug|Any CPU.ActiveCfg = Debug|Any CPU
		{08771937-A6F4-483C-9AAE-31968C8E8C02}.Debug|Any CPU.Build.0 = Debug|Any CPU
		{08771937-A6F4-483C-9AAE-31968C8E8C02}.Release|Any CPU.ActiveCfg = Release|Any CPU
		{08771937-A6F4-483C-9AAE-31968C8E8C02}.Release|Any CPU.Build.0 = Release|Any CPU
		{3668B577-22FF-4B63-A70F-F6A5D6584441}.Debug|Any CPU.ActiveCfg = Debug|Any CPU
		{3668B577-22FF-4B63-A70F-F6A5D6584441}.Debug|Any CPU.Build.0 = Debug|Any CPU
		{3668B577-22FF-4B63-A70F-F6A5D6584441}.Release|Any CPU.ActiveCfg = Release|Any CPU
		{3668B577-22FF-4B63-A70F-F6A5D6584441}.Release|Any CPU.Build.0 = Release|Any CPU
		{4D2B665E-40D2-40A5-B74E-3BCA6E6433C4}.Debug|Any CPU.ActiveCfg = Debug|Any CPU
		{4D2B665E-40D2-40A5-B74E-3BCA6E6433C4}.Debug|Any CPU.Build.0 = Debug|Any CPU
		{4D2B665E-40D2-40A5-B74E-3BCA6E6433C4}.Release|Any CPU.ActiveCfg = Release|Any CPU
		{4D2B665E-40D2-40A5-B74E-3BCA6E6433C4}.Release|Any CPU.Build.0 = Release|Any CPU
		{308857CF-FCB7-4513-AD93-826BFC993A64}.Debug|Any CPU.ActiveCfg = Debug|Any CPU
		{308857CF-FCB7-4513-AD93-826BFC993A64}.Debug|Any CPU.Build.0 = Debug|Any CPU
		{308857CF-FCB7-4513-AD93-826BFC993A64}.Release|Any CPU.ActiveCfg = Release|Any CPU
		{308857CF-FCB7-4513-AD93-826BFC993A64}.Release|Any CPU.Build.0 = Release|Any CPU
		{650A49C3-A9BE-47CF-A8B1-3219AA87C35E}.Debug|Any CPU.ActiveCfg = Debug|Any CPU
		{650A49C3-A9BE-47CF-A8B1-3219AA87C35E}.Debug|Any CPU.Build.0 = Debug|Any CPU
		{650A49C3-A9BE-47CF-A8B1-3219AA87C35E}.Release|Any CPU.ActiveCfg = Release|Any CPU
		{650A49C3-A9BE-47CF-A8B1-3219AA87C35E}.Release|Any CPU.Build.0 = Release|Any CPU
		{1942100F-FE97-4E24-8960-B9DBA467311C}.Debug|Any CPU.ActiveCfg = Debug|Any CPU
		{1942100F-FE97-4E24-8960-B9DBA467311C}.Debug|Any CPU.Build.0 = Debug|Any CPU
		{1942100F-FE97-4E24-8960-B9DBA467311C}.Release|Any CPU.ActiveCfg = Release|Any CPU
		{1942100F-FE97-4E24-8960-B9DBA467311C}.Release|Any CPU.Build.0 = Release|Any CPU
	EndGlobalSection
	GlobalSection(SolutionProperties) = preSolution
		HideSolutionNode = FALSE
	EndGlobalSection
	GlobalSection(ExtensibilityGlobals) = postSolution
		SolutionGuid = {D6D57F68-86C5-4E7A-8367-BB833D8FE669}
	EndGlobalSection
EndGlobal
